
Microsoft Visual Studio Solution File, Format Version 12.00
# Visual Studio Version 17
VisualStudioVersion = 17.2.32526.322
MinimumVisualStudioVersion = 10.0.40219.1
Project("{9A19103F-16F7-4668-BE54-9A1E7A4F7556}") = "scratch-collect.API", "scratch-collect.API\scratch-collect.API.csproj", "{3DEFB17D-F0D6-473B-AD90-9E85F63D19D5}"
EndProject
Project("{9A19103F-16F7-4668-BE54-9A1E7A4F7556}") = "scratch-collect.Model", "scratch-collect.Model\scratch-collect.Model.csproj", "{8115423B-0904-45C5-8ED3-E117EAB13C4E}"
EndProject
Project("{9A19103F-16F7-4668-BE54-9A1E7A4F7556}") = "scratch-collect.Desktop", "scratch-collect.Desktop\scratch-collect.Desktop.csproj", "{5F649F6C-FAC7-4617-A02C-BADB59EBE5ED}"
EndProject
Project("{FAE04EC0-301F-11D3-BF4B-00C04F79EFBC}") = "scratch-collect.Admin", "scratch-collect.Admin\scratch-collect.Admin.csproj", "{11585A84-9292-42E3-86BF-FAC1890FC5A1}"
EndProject
Global
	GlobalSection(SolutionConfigurationPlatforms) = preSolution
		Debug|Any CPU = Debug|Any CPU
		Release|Any CPU = Release|Any CPU
	EndGlobalSection
	GlobalSection(ProjectConfigurationPlatforms) = postSolution
		{3DEFB17D-F0D6-473B-AD90-9E85F63D19D5}.Debug|Any CPU.ActiveCfg = Debug|Any CPU
		{3DEFB17D-F0D6-473B-AD90-9E85F63D19D5}.Debug|Any CPU.Build.0 = Debug|Any CPU
		{3DEFB17D-F0D6-473B-AD90-9E85F63D19D5}.Release|Any CPU.ActiveCfg = Release|Any CPU
		{3DEFB17D-F0D6-473B-AD90-9E85F63D19D5}.Release|Any CPU.Build.0 = Release|Any CPU
		{8115423B-0904-45C5-8ED3-E117EAB13C4E}.Debug|Any CPU.ActiveCfg = Debug|Any CPU
		{8115423B-0904-45C5-8ED3-E117EAB13C4E}.Debug|Any CPU.Build.0 = Debug|Any CPU
		{8115423B-0904-45C5-8ED3-E117EAB13C4E}.Release|Any CPU.ActiveCfg = Release|Any CPU
		{8115423B-0904-45C5-8ED3-E117EAB13C4E}.Release|Any CPU.Build.0 = Release|Any CPU
		{5F649F6C-FAC7-4617-A02C-BADB59EBE5ED}.Debug|Any CPU.ActiveCfg = Debug|Any CPU
		{5F649F6C-FAC7-4617-A02C-BADB59EBE5ED}.Debug|Any CPU.Build.0 = Debug|Any CPU
		{5F649F6C-FAC7-4617-A02C-BADB59EBE5ED}.Release|Any CPU.ActiveCfg = Release|Any CPU
		{5F649F6C-FAC7-4617-A02C-BADB59EBE5ED}.Release|Any CPU.Build.0 = Release|Any CPU
		{11585A84-9292-42E3-86BF-FAC1890FC5A1}.Debug|Any CPU.ActiveCfg = Debug|Any CPU
		{11585A84-9292-42E3-86BF-FAC1890FC5A1}.Debug|Any CPU.Build.0 = Debug|Any CPU
		{11585A84-9292-42E3-86BF-FAC1890FC5A1}.Release|Any CPU.ActiveCfg = Release|Any CPU
		{11585A84-9292-42E3-86BF-FAC1890FC5A1}.Release|Any CPU.Build.0 = Release|Any CPU
	EndGlobalSection
	GlobalSection(SolutionProperties) = preSolution
		HideSolutionNode = FALSE
	EndGlobalSection
	GlobalSection(ExtensibilityGlobals) = postSolution
		SolutionGuid = {1ABB4B97-9180-4292-AF56-D1A6055EF714}
	EndGlobalSection
EndGlobal
